
Microsoft Visual Studio Solution File, Format Version 12.00
# Visual Studio Version 16
VisualStudioVersion = 16.0.30611.23
MinimumVisualStudioVersion = 10.0.40219.1
Project("{FAE04EC0-301F-11D3-BF4B-00C04F79EFBC}") = "CompanyAuidit", "CompanyAuidit\CompanyAuidit.csproj", "{AC9853BF-6225-428B-9FD0-D2241869129B}"
EndProject
Global
	GlobalSection(SolutionConfigurationPlatforms) = preSolution
		Debug|Any CPU = Debug|Any CPU
		Release|Any CPU = Release|Any CPU
	EndGlobalSection
	GlobalSection(ProjectConfigurationPlatforms) = postSolution
		{AC9853BF-6225-428B-9FD0-D2241869129B}.Debug|Any CPU.ActiveCfg = Debug|Any CPU
		{AC9853BF-6225-428B-9FD0-D2241869129B}.Debug|Any CPU.Build.0 = Debug|Any CPU
		{AC9853BF-6225-428B-9FD0-D2241869129B}.Release|Any CPU.ActiveCfg = Release|Any CPU
		{AC9853BF-6225-428B-9FD0-D2241869129B}.Release|Any CPU.Build.0 = Release|Any CPU
	EndGlobalSection
	GlobalSection(SolutionProperties) = preSolution
		HideSolutionNode = FALSE
	EndGlobalSection
	GlobalSection(ExtensibilityGlobals) = postSolution
		SolutionGuid = {F51E6868-93F8-44B9-BECA-DC1764F0833D}
	EndGlobalSection
EndGlobal
